
Microsoft Visual Studio Solution File, Format Version 12.00
# Visual Studio Version 16
VisualStudioVersion = 16.0.31205.134
MinimumVisualStudioVersion = 10.0.40219.1
Project("{FAE04EC0-301F-11D3-BF4B-00C04F79EFBC}") = "RestApiCRUDDemo", "RestApiCRUDDemo\RestApiCRUDDemo.csproj", "{C096A598-D499-453E-96FF-535F91ABFFB7}"
EndProject
Global
	GlobalSection(SolutionConfigurationPlatforms) = preSolution
		Debug|Any CPU = Debug|Any CPU
		Release|Any CPU = Release|Any CPU
	EndGlobalSection
	GlobalSection(ProjectConfigurationPlatforms) = postSolution
		{C096A598-D499-453E-96FF-535F91ABFFB7}.Debug|Any CPU.ActiveCfg = Debug|Any CPU
		{C096A598-D499-453E-96FF-535F91ABFFB7}.Debug|Any CPU.Build.0 = Debug|Any CPU
		{C096A598-D499-453E-96FF-535F91ABFFB7}.Release|Any CPU.ActiveCfg = Release|Any CPU
		{C096A598-D499-453E-96FF-535F91ABFFB7}.Release|Any CPU.Build.0 = Release|Any CPU
	EndGlobalSection
	GlobalSection(SolutionProperties) = preSolution
		HideSolutionNode = FALSE
	EndGlobalSection
	GlobalSection(ExtensibilityGlobals) = postSolution
		SolutionGuid = {54342F2D-1FC4-4599-9DEF-02956571176C}
	EndGlobalSection
EndGlobal
